
Microsoft Visual Studio Solution File, Format Version 12.00
# Visual Studio 15
VisualStudioVersion = 15.0.28307.572
MinimumVisualStudioVersion = 10.0.40219.1
Project("{FAE04EC0-301F-11D3-BF4B-00C04F79EFBC}") = "BathMonitorSystem", "BathMonitorSystem\BathMonitorSystem.csproj", "{C0ECD469-413A-4248-8CF4-18EDE3C72B35}"
EndProject
Project("{9A19103F-16F7-4668-BE54-9A1E7A4F7556}") = "DAL", "DAL\DAL.csproj", "{6B4E2BF2-7A8C-4D4C-A3C2-60194287E861}"
EndProject
Project("{FAE04EC0-301F-11D3-BF4B-00C04F79EFBC}") = "ModbusTCPClient", "ModbusTCPClient\ModbusTCPClient.csproj", "{D67DC48F-F90D-4046-BA84-397E4E4CAD5A}"
EndProject
Project("{FAE04EC0-301F-11D3-BF4B-00C04F79EFBC}") = "MyControl", "MyControl\MyControl.csproj", "{08350714-FFF0-4AD9-9170-D69913A5846E}"
EndProject
Project("{FAE04EC0-301F-11D3-BF4B-00C04F79EFBC}") = "test", "test\test.csproj", "{FA330D07-9BDB-4C99-8910-25CB1C049EF8}"
EndProject
Project("{2150E333-8FDC-42A3-9474-1A3956D46DE8}") = ".Net of butiful", ".Net of butiful", "{E7EB6AA3-148C-4E7D-B290-64E7CDA41F99}"
EndProject
Project("{2150E333-8FDC-42A3-9474-1A3956D46DE8}") = "BathMonitor", "BathMonitor", "{89C0F88D-68E5-455F-A3B7-FB5661CDFEBE}"
EndProject
Project("{FAE04EC0-301F-11D3-BF4B-00C04F79EFBC}") = "DelegataTest", "DelegataTest\DelegataTest.csproj", "{F5834880-10FB-4B81-8A68-FE71354CE84D}"
EndProject
Project("{FAE04EC0-301F-11D3-BF4B-00C04F79EFBC}") = "EventTest", "EventTest\EventTest.csproj", "{F246C3A9-4A38-455D-9FF4-0CE42D236E1D}"
EndProject
Global
	GlobalSection(SolutionConfigurationPlatforms) = preSolution
		Debug|Any CPU = Debug|Any CPU
		Release|Any CPU = Release|Any CPU
	EndGlobalSection
	GlobalSection(ProjectConfigurationPlatforms) = postSolution
		{C0ECD469-413A-4248-8CF4-18EDE3C72B35}.Debug|Any CPU.ActiveCfg = Debug|Any CPU
		{C0ECD469-413A-4248-8CF4-18EDE3C72B35}.Debug|Any CPU.Build.0 = Debug|Any CPU
		{C0ECD469-413A-4248-8CF4-18EDE3C72B35}.Release|Any CPU.ActiveCfg = Release|Any CPU
		{C0ECD469-413A-4248-8CF4-18EDE3C72B35}.Release|Any CPU.Build.0 = Release|Any CPU
		{6B4E2BF2-7A8C-4D4C-A3C2-60194287E861}.Debug|Any CPU.ActiveCfg = Debug|Any CPU
		{6B4E2BF2-7A8C-4D4C-A3C2-60194287E861}.Debug|Any CPU.Build.0 = Debug|Any CPU
		{6B4E2BF2-7A8C-4D4C-A3C2-60194287E861}.Release|Any CPU.ActiveCfg = Release|Any CPU
		{6B4E2BF2-7A8C-4D4C-A3C2-60194287E861}.Release|Any CPU.Build.0 = Release|Any CPU
		{D67DC48F-F90D-4046-BA84-397E4E4CAD5A}.Debug|Any CPU.ActiveCfg = Debug|Any CPU
		{D67DC48F-F90D-4046-BA84-397E4E4CAD5A}.Debug|Any CPU.Build.0 = Debug|Any CPU
		{D67DC48F-F90D-4046-BA84-397E4E4CAD5A}.Release|Any CPU.ActiveCfg = Release|Any CPU
		{D67DC48F-F90D-4046-BA84-397E4E4CAD5A}.Release|Any CPU.Build.0 = Release|Any CPU
		{08350714-FFF0-4AD9-9170-D69913A5846E}.Debug|Any CPU.ActiveCfg = Debug|Any CPU
		{08350714-FFF0-4AD9-9170-D69913A5846E}.Debug|Any CPU.Build.0 = Debug|Any CPU
		{08350714-FFF0-4AD9-9170-D69913A5846E}.Release|Any CPU.ActiveCfg = Release|Any CPU
		{08350714-FFF0-4AD9-9170-D69913A5846E}.Release|Any CPU.Build.0 = Release|Any CPU
		{FA330D07-9BDB-4C99-8910-25CB1C049EF8}.Debug|Any CPU.ActiveCfg = Debug|Any CPU
		{FA330D07-9BDB-4C99-8910-25CB1C049EF8}.Debug|Any CPU.Build.0 = Debug|Any CPU
		{FA330D07-9BDB-4C99-8910-25CB1C049EF8}.Release|Any CPU.ActiveCfg = Release|Any CPU
		{FA330D07-9BDB-4C99-8910-25CB1C049EF8}.Release|Any CPU.Build.0 = Release|Any CPU
		{F5834880-10FB-4B81-8A68-FE71354CE84D}.Debug|Any CPU.ActiveCfg = Debug|Any CPU
		{F5834880-10FB-4B81-8A68-FE71354CE84D}.Debug|Any CPU.Build.0 = Debug|Any CPU
		{F5834880-10FB-4B81-8A68-FE71354CE84D}.Release|Any CPU.ActiveCfg = Release|Any CPU
		{F5834880-10FB-4B81-8A68-FE71354CE84D}.Release|Any CPU.Build.0 = Release|Any CPU
		{F246C3A9-4A38-455D-9FF4-0CE42D236E1D}.Debug|Any CPU.ActiveCfg = Debug|Any CPU
		{F246C3A9-4A38-455D-9FF4-0CE42D236E1D}.Debug|Any CPU.Build.0 = Debug|Any CPU
		{F246C3A9-4A38-455D-9FF4-0CE42D236E1D}.Release|Any CPU.ActiveCfg = Release|Any CPU
		{F246C3A9-4A38-455D-9FF4-0CE42D236E1D}.Release|Any CPU.Build.0 = Release|Any CPU
	EndGlobalSection
	GlobalSection(SolutionProperties) = preSolution
		HideSolutionNode = FALSE
	EndGlobalSection
	GlobalSection(NestedProjects) = preSolution
		{C0ECD469-413A-4248-8CF4-18EDE3C72B35} = {89C0F88D-68E5-455F-A3B7-FB5661CDFEBE}
		{6B4E2BF2-7A8C-4D4C-A3C2-60194287E861} = {89C0F88D-68E5-455F-A3B7-FB5661CDFEBE}
		{D67DC48F-F90D-4046-BA84-397E4E4CAD5A} = {89C0F88D-68E5-455F-A3B7-FB5661CDFEBE}
		{FA330D07-9BDB-4C99-8910-25CB1C049EF8} = {E7EB6AA3-148C-4E7D-B290-64E7CDA41F99}
		{F5834880-10FB-4B81-8A68-FE71354CE84D} = {E7EB6AA3-148C-4E7D-B290-64E7CDA41F99}
		{F246C3A9-4A38-455D-9FF4-0CE42D236E1D} = {E7EB6AA3-148C-4E7D-B290-64E7CDA41F99}
	EndGlobalSection
	GlobalSection(ExtensibilityGlobals) = postSolution
		SolutionGuid = {9021C8D2-0F14-4C01-8C5A-B17C3A1858CF}
	EndGlobalSection
EndGlobal
